
Microsoft Visual Studio Solution File, Format Version 12.00
# Visual Studio 15
Project("{FAE04EC0-301F-11D3-BF4B-00C04F79EFBC}") = "Assembly-CSharp", "Assembly-CSharp.csproj", "{3E914078-00E3-B911-0B40-4AB22EB43649}"
EndProject
Project("{FAE04EC0-301F-11D3-BF4B-00C04F79EFBC}") = "Assembly-CSharp-Editor", "Assembly-CSharp-Editor.csproj", "{B80A6460-B28E-92A0-899B-9A517D59BCB2}"
EndProject
Global
	GlobalSection(SolutionConfigurationPlatforms) = preSolution
		Debug|Any CPU = Debug|Any CPU
		Release|Any CPU = Release|Any CPU
	EndGlobalSection
	GlobalSection(ProjectConfigurationPlatforms) = postSolution
		{3E914078-00E3-B911-0B40-4AB22EB43649}.Debug|Any CPU.ActiveCfg = Debug|Any CPU
		{3E914078-00E3-B911-0B40-4AB22EB43649}.Debug|Any CPU.Build.0 = Debug|Any CPU
		{3E914078-00E3-B911-0B40-4AB22EB43649}.Release|Any CPU.ActiveCfg = Release|Any CPU
		{3E914078-00E3-B911-0B40-4AB22EB43649}.Release|Any CPU.Build.0 = Release|Any CPU
		{B80A6460-B28E-92A0-899B-9A517D59BCB2}.Debug|Any CPU.ActiveCfg = Debug|Any CPU
		{B80A6460-B28E-92A0-899B-9A517D59BCB2}.Debug|Any CPU.Build.0 = Debug|Any CPU
		{B80A6460-B28E-92A0-899B-9A517D59BCB2}.Release|Any CPU.ActiveCfg = Release|Any CPU
		{B80A6460-B28E-92A0-899B-9A517D59BCB2}.Release|Any CPU.Build.0 = Release|Any CPU
	EndGlobalSection
	GlobalSection(SolutionProperties) = preSolution
		HideSolutionNode = FALSE
	EndGlobalSection
EndGlobal
